
Microsoft Visual Studio Solution File, Format Version 12.00
# Visual Studio 2012
Project("{FAE04EC0-301F-11D3-BF4B-00C04F79EFBC}") = "NSBEndpointAndMessageDetection", "NSBEndpointAndMessageDetection\NSBEndpointAndMessageDetection.csproj", "{43BAB3B4-EC41-44D9-8037-8795CB00D898}"
EndProject
Project("{FAE04EC0-301F-11D3-BF4B-00C04F79EFBC}") = "ScannerTests", "ScannerTests\ScannerTests.csproj", "{91965D96-23F5-4D08-B016-6561D238A91A}"
EndProject
Global
	GlobalSection(SolutionConfigurationPlatforms) = preSolution
		Debug|Any CPU = Debug|Any CPU
		Release|Any CPU = Release|Any CPU
	EndGlobalSection
	GlobalSection(ProjectConfigurationPlatforms) = postSolution
		{43BAB3B4-EC41-44D9-8037-8795CB00D898}.Debug|Any CPU.ActiveCfg = Debug|Any CPU
		{43BAB3B4-EC41-44D9-8037-8795CB00D898}.Debug|Any CPU.Build.0 = Debug|Any CPU
		{43BAB3B4-EC41-44D9-8037-8795CB00D898}.Release|Any CPU.ActiveCfg = Release|Any CPU
		{43BAB3B4-EC41-44D9-8037-8795CB00D898}.Release|Any CPU.Build.0 = Release|Any CPU
		{91965D96-23F5-4D08-B016-6561D238A91A}.Debug|Any CPU.ActiveCfg = Debug|Any CPU
		{91965D96-23F5-4D08-B016-6561D238A91A}.Debug|Any CPU.Build.0 = Debug|Any CPU
		{91965D96-23F5-4D08-B016-6561D238A91A}.Release|Any CPU.ActiveCfg = Release|Any CPU
		{91965D96-23F5-4D08-B016-6561D238A91A}.Release|Any CPU.Build.0 = Release|Any CPU
	EndGlobalSection
	GlobalSection(SolutionProperties) = preSolution
		HideSolutionNode = FALSE
	EndGlobalSection
EndGlobal
